
Microsoft Visual Studio Solution File, Format Version 12.00
# Visual Studio Version 16
VisualStudioVersion = 16.0.29403.142
MinimumVisualStudioVersion = 10.0.40219.1
Project("{8BC9CEB8-8B4A-11D0-8D11-00A0C91BC942}") = "LAB_6", "LAB_6.vcxproj", "{1D6DB204-3628-44A3-BECE-15C8878B0DBB}"
EndProject
Global
	GlobalSection(SolutionConfigurationPlatforms) = preSolution
		Debug|x64 = Debug|x64
		Debug|x86 = Debug|x86
		Release|x64 = Release|x64
		Release|x86 = Release|x86
	EndGlobalSection
	GlobalSection(ProjectConfigurationPlatforms) = postSolution
		{1D6DB204-3628-44A3-BECE-15C8878B0DBB}.Debug|x64.ActiveCfg = Debug|x64
		{1D6DB204-3628-44A3-BECE-15C8878B0DBB}.Debug|x64.Build.0 = Debug|x64
		{1D6DB204-3628-44A3-BECE-15C8878B0DBB}.Debug|x86.ActiveCfg = Debug|Win32
		{1D6DB204-3628-44A3-BECE-15C8878B0DBB}.Debug|x86.Build.0 = Debug|Win32
		{1D6DB204-3628-44A3-BECE-15C8878B0DBB}.Release|x64.ActiveCfg = Release|x64
		{1D6DB204-3628-44A3-BECE-15C8878B0DBB}.Release|x64.Build.0 = Release|x64
		{1D6DB204-3628-44A3-BECE-15C8878B0DBB}.Release|x86.ActiveCfg = Release|Win32
		{1D6DB204-3628-44A3-BECE-15C8878B0DBB}.Release|x86.Build.0 = Release|Win32
	EndGlobalSection
	GlobalSection(SolutionProperties) = preSolution
		HideSolutionNode = FALSE
	EndGlobalSection
	GlobalSection(ExtensibilityGlobals) = postSolution
		SolutionGuid = {F68F0B22-4D71-4FF3-BB59-BBC728E91C93}
	EndGlobalSection
EndGlobal
